{
  "version": 4,
  "terraform_version": "1.0.11",
  "serial": 9,
  "lineage": "a561ad59-6bce-44c3-4340-78456dbf1e34",
  "outputs": {},
  "resources": [
    {
      "mode": "managed",
      "type": "hcloud_volume",
      "name": "backup_storage_fsn1",
      "provider": "provider[\"registry.terraform.io/hetznercloud/hcloud\"]",
      "instances": [
        {
          "schema_version": 0,
          "attributes": {
            "automount": null,
            "delete_protection": false,
            "format": "ext4",
            "id": "14866373",
            "labels": null,
            "linux_device": "/dev/disk/by-id/scsi-0HC_Volume_14866373",
            "location": "fsn1",
            "name": "backup_storage_fsn1",
            "server_id": null,
            "size": 64
          },
          "sensitive_attributes": [],
          "private": "bnVsbA=="
        }
      ]
    }
  ]
}
