{
  "version": 4,
  "terraform_version": "1.0.9",
  "serial": 2,
  "lineage": "f8ea49b8-a620-ec73-00c7-94f49a09364a",
  "outputs": {},
  "resources": [
    {
      "mode": "managed",
      "type": "hcloud_volume",
      "name": "vault-1_storage_fsn1",
      "provider": "provider[\"registry.terraform.io/hetznercloud/hcloud\"]",
      "instances": [
        {
          "schema_version": 0,
          "attributes": {
            "automount": null,
            "delete_protection": false,
            "format": "ext4",
            "id": "14852534",
            "labels": {},
            "linux_device": "/dev/disk/by-id/scsi-0HC_Volume_14852534",
            "location": "fsn1",
            "name": "vault-1_storage_fsn1",
            "server_id": null,
            "size": 64
          },
          "sensitive_attributes": [],
          "private": "bnVsbA=="
        }
      ]
    }
  ]
}
