{
  "version": 4,
  "terraform_version": "1.0.11",
  "serial": 13,
  "lineage": "0b7cd5f8-baf1-f1a9-0507-f5cf7197f277",
  "outputs": {},
  "resources": [
    {
      "mode": "managed",
      "type": "vault_generic_secret",
      "name": "cloud_init",
      "provider": "provider[\"registry.terraform.io/hashicorp/vault\"]",
      "instances": [
        {
          "schema_version": 1,
          "attributes": {
            "allow_read": null,
            "data": {
              "github_token_ro": "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"
            },
            "data_json": "{\"github_token_ro\":\"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\"}",
            "disable_read": false,
            "id": "solidblocks/nodes/cloud_init_config",
            "path": "solidblocks/nodes/cloud_init_config"
          },
          "sensitive_attributes": [],
          "private": "eyJzY2hlbWFfdmVyc2lvbiI6IjEifQ==",
          "dependencies": [
            "vault_mount.solidblocks"
          ]
        }
      ]
    },
    {
      "mode": "managed",
      "type": "vault_mount",
      "name": "solidblocks",
      "provider": "provider[\"registry.terraform.io/hashicorp/vault\"]",
      "instances": [
        {
          "schema_version": 0,
          "attributes": {
            "accessor": "kv_4b764fd2",
            "default_lease_ttl_seconds": 0,
            "description": "",
            "external_entropy_access": false,
            "id": "solidblocks",
            "local": false,
            "max_lease_ttl_seconds": 0,
            "options": {},
            "path": "solidblocks",
            "seal_wrap": false,
            "type": "kv-v2"
          },
          "sensitive_attributes": [],
          "private": "bnVsbA=="
        }
      ]
    },
    {
      "mode": "managed",
      "type": "vault_policy",
      "name": "cloud_init",
      "provider": "provider[\"registry.terraform.io/hashicorp/vault\"]",
      "instances": [
        {
          "schema_version": 0,
          "attributes": {
            "id": "cloud_init",
            "name": "cloud_init",
            "policy": "path \"solidblocks/data/nodes/cloud_init_config\" {\n  capabilities = [\"read\"]\n}\n"
          },
          "sensitive_attributes": [],
          "private": "bnVsbA==",
          "dependencies": [
            "vault_mount.solidblocks"
          ]
        }
      ]
    }
  ]
}
